
Microsoft Visual Studio Solution File, Format Version 12.00
Project("{FAE04EC0-301F-11D3-BF4B-00C04F79EFBC}") = "Asv.Drones.Gui.Weather", "Asv.Drones.Gui.Weather\Asv.Drones.Gui.Weather.csproj", "{9F0B05A7-8195-4392-A8A3-0493A4907C51}"
EndProject
Global
	GlobalSection(SolutionConfigurationPlatforms) = preSolution
		Debug|Any CPU = Debug|Any CPU
		Release|Any CPU = Release|Any CPU
	EndGlobalSection
	GlobalSection(ProjectConfigurationPlatforms) = postSolution
		{9F0B05A7-8195-4392-A8A3-0493A4907C51}.Debug|Any CPU.ActiveCfg = Debug|Any CPU
		{9F0B05A7-8195-4392-A8A3-0493A4907C51}.Debug|Any CPU.Build.0 = Debug|Any CPU
		{9F0B05A7-8195-4392-A8A3-0493A4907C51}.Release|Any CPU.ActiveCfg = Release|Any CPU
		{9F0B05A7-8195-4392-A8A3-0493A4907C51}.Release|Any CPU.Build.0 = Release|Any CPU
	EndGlobalSection
EndGlobal
